
Microsoft Visual Studio Solution File, Format Version 12.00
# Visual Studio Version 17
VisualStudioVersion = 17.13.35825.156 d17.13
MinimumVisualStudioVersion = 10.0.40219.1
Project("{FAE04EC0-301F-11D3-BF4B-00C04F79EFBC}") = "Q3", "Q3\Q3.csproj", "{DA5B981A-90C9-4644-805F-659793EB529F}"
EndProject
Global
	GlobalSection(SolutionConfigurationPlatforms) = preSolution
		Debug|Any CPU = Debug|Any CPU
		Release|Any CPU = Release|Any CPU
	EndGlobalSection
	GlobalSection(ProjectConfigurationPlatforms) = postSolution
		{DA5B981A-90C9-4644-805F-659793EB529F}.Debug|Any CPU.ActiveCfg = Debug|Any CPU
		{DA5B981A-90C9-4644-805F-659793EB529F}.Debug|Any CPU.Build.0 = Debug|Any CPU
		{DA5B981A-90C9-4644-805F-659793EB529F}.Release|Any CPU.ActiveCfg = Release|Any CPU
		{DA5B981A-90C9-4644-805F-659793EB529F}.Release|Any CPU.Build.0 = Release|Any CPU
	EndGlobalSection
	GlobalSection(SolutionProperties) = preSolution
		HideSolutionNode = FALSE
	EndGlobalSection
	GlobalSection(ExtensibilityGlobals) = postSolution
		SolutionGuid = {2D0A5BD9-42DF-4119-83E8-7CCF7F770346}
	EndGlobalSection
EndGlobal
